
Microsoft Visual Studio Solution File, Format Version 12.00
# Visual Studio Version 17
VisualStudioVersion = 17.7.34031.279
MinimumVisualStudioVersion = 10.0.40219.1
Project("{FAE04EC0-301F-11D3-BF4B-00C04F79EFBC}") = "18. Constructors", "18. Constructors.csproj", "{263B91FB-409C-4BCA-B20A-AAA7005648AA}"
EndProject
Global
	GlobalSection(SolutionConfigurationPlatforms) = preSolution
		Debug|Any CPU = Debug|Any CPU
		Release|Any CPU = Release|Any CPU
	EndGlobalSection
	GlobalSection(ProjectConfigurationPlatforms) = postSolution
		{263B91FB-409C-4BCA-B20A-AAA7005648AA}.Debug|Any CPU.ActiveCfg = Debug|Any CPU
		{263B91FB-409C-4BCA-B20A-AAA7005648AA}.Debug|Any CPU.Build.0 = Debug|Any CPU
		{263B91FB-409C-4BCA-B20A-AAA7005648AA}.Release|Any CPU.ActiveCfg = Release|Any CPU
		{263B91FB-409C-4BCA-B20A-AAA7005648AA}.Release|Any CPU.Build.0 = Release|Any CPU
	EndGlobalSection
	GlobalSection(SolutionProperties) = preSolution
		HideSolutionNode = FALSE
	EndGlobalSection
	GlobalSection(ExtensibilityGlobals) = postSolution
		SolutionGuid = {8700A56E-16E0-4D81-BE2C-E1D5B0BF9066}
	EndGlobalSection
EndGlobal
